// !$*UTF8*$!
{
	archiveVersion = 1;
	classes = {
	};
	objectVersion = 50;
	objects = {

/* Begin PBXBuildFile section */
		F64B1EE82157EFA600CF9CDC /* ResourcePath.mm in Sources */ = {isa = PBXBuildFile; fileRef = F64B1EE72157EFA600CF9CDC /* ResourcePath.mm */; };
		F64B1EEB2157EFA600CF9CDC /* main.cpp in Sources */ = {isa = PBXBuildFile; fileRef = F64B1EEA2157EFA600CF9CDC /* main.cpp */; };
		F69436FD2157F21900D9E5CD /* Game.cpp in Sources */ = {isa = PBXBuildFile; fileRef = F69436FB2157F21900D9E5CD /* Game.cpp */; };
		F69436FF215801F700D9E5CD /* data in Resources */ = {isa = PBXBuildFile; fileRef = F69436FE215801F700D9E5CD /* data */; };
		F69437022158D98900D9E5CD /* AnimatedSprite.cpp in Sources */ = {isa = PBXBuildFile; fileRef = F69437002158D98900D9E5CD /* AnimatedSprite.cpp */; };
		F69437052158D9F400D9E5CD /* Entity.cpp in Sources */ = {isa = PBXBuildFile; fileRef = F69437032158D9F400D9E5CD /* Entity.cpp */; };
		F69437092158EB0300D9E5CD /* Player.cpp in Sources */ = {isa = PBXBuildFile; fileRef = F69437072158EB0300D9E5CD /* Player.cpp */; };
		F694370C21592B8000D9E5CD /* Hole.cpp in Sources */ = {isa = PBXBuildFile; fileRef = F694370A21592B8000D9E5CD /* Hole.cpp */; };
/* End PBXBuildFile section */

/* Begin PBXFileReference section */
		F64B1EE22157EFA600CF9CDC /* jumping-jack.app */ = {isa = PBXFileReference; explicitFileType = wrapper.application; includeInIndex = 0; path = "jumping-jack.app"; sourceTree = BUILT_PRODUCTS_DIR; };
		F64B1EE62157EFA600CF9CDC /* jumping-jack-Info.plist */ = {isa = PBXFileReference; lastKnownFileType = text.plist.xml; path = "jumping-jack-Info.plist"; sourceTree = "<group>"; };
		F64B1EE72157EFA600CF9CDC /* ResourcePath.mm */ = {isa = PBXFileReference; lastKnownFileType = sourcecode.cpp.objcpp; path = ResourcePath.mm; sourceTree = "<group>"; };
		F64B1EE92157EFA600CF9CDC /* ResourcePath.hpp */ = {isa = PBXFileReference; lastKnownFileType = sourcecode.cpp.h; path = ResourcePath.hpp; sourceTree = "<group>"; };
		F64B1EEA2157EFA600CF9CDC /* main.cpp */ = {isa = PBXFileReference; lastKnownFileType = sourcecode.cpp.cpp; path = main.cpp; sourceTree = "<group>"; };
		F69436FB2157F21900D9E5CD /* Game.cpp */ = {isa = PBXFileReference; lastKnownFileType = sourcecode.cpp.cpp; path = Game.cpp; sourceTree = "<group>"; };
		F69436FC2157F21900D9E5CD /* Game.hpp */ = {isa = PBXFileReference; lastKnownFileType = sourcecode.cpp.h; path = Game.hpp; sourceTree = "<group>"; };
		F69436FE215801F700D9E5CD /* data */ = {isa = PBXFileReference; lastKnownFileType = folder; path = data; sourceTree = "<group>"; };
		F69437002158D98900D9E5CD /* AnimatedSprite.cpp */ = {isa = PBXFileReference; fileEncoding = 4; lastKnownFileType = sourcecode.cpp.cpp; path = AnimatedSprite.cpp; sourceTree = "<group>"; };
		F69437012158D98900D9E5CD /* AnimatedSprite.hpp */ = {isa = PBXFileReference; fileEncoding = 4; lastKnownFileType = sourcecode.cpp.h; path = AnimatedSprite.hpp; sourceTree = "<group>"; };
		F69437032158D9F400D9E5CD /* Entity.cpp */ = {isa = PBXFileReference; lastKnownFileType = sourcecode.cpp.cpp; path = Entity.cpp; sourceTree = "<group>"; };
		F69437042158D9F400D9E5CD /* Entity.hpp */ = {isa = PBXFileReference; lastKnownFileType = sourcecode.cpp.h; path = Entity.hpp; sourceTree = "<group>"; };
		F69437062158DCB600D9E5CD /* Utility.hpp */ = {isa = PBXFileReference; fileEncoding = 4; lastKnownFileType = sourcecode.cpp.h; path = Utility.hpp; sourceTree = "<group>"; };
		F69437072158EB0300D9E5CD /* Player.cpp */ = {isa = PBXFileReference; lastKnownFileType = sourcecode.cpp.cpp; path = Player.cpp; sourceTree = "<group>"; };
		F69437082158EB0300D9E5CD /* Player.hpp */ = {isa = PBXFileReference; lastKnownFileType = sourcecode.cpp.h; path = Player.hpp; sourceTree = "<group>"; };
		F694370A21592B8000D9E5CD /* Hole.cpp */ = {isa = PBXFileReference; lastKnownFileType = sourcecode.cpp.cpp; path = Hole.cpp; sourceTree = "<group>"; };
		F694370B21592B8000D9E5CD /* Hole.hpp */ = {isa = PBXFileReference; lastKnownFileType = sourcecode.cpp.h; path = Hole.hpp; sourceTree = "<group>"; };
/* End PBXFileReference section */

/* Begin PBXFrameworksBuildPhase section */
		F64B1EDE2157EFA600CF9CDC /* Frameworks */ = {
			isa = PBXFrameworksBuildPhase;
			buildActionMask = 2147483647;
			files = (
			);
			runOnlyForDeploymentPostprocessing = 0;
		};
/* End PBXFrameworksBuildPhase section */

/* Begin PBXGroup section */
		F64B1ED82157EFA600CF9CDC = {
			isa = PBXGroup;
			children = (
				F64B1EE42157EFA600CF9CDC /* jumping-jack */,
				F64B1EE32157EFA600CF9CDC /* Products */,
			);
			sourceTree = "<group>";
		};
		F64B1EE32157EFA600CF9CDC /* Products */ = {
			isa = PBXGroup;
			children = (
				F64B1EE22157EFA600CF9CDC /* jumping-jack.app */,
			);
			name = Products;
			sourceTree = "<group>";
		};
		F64B1EE42157EFA600CF9CDC /* jumping-jack */ = {
			isa = PBXGroup;
			children = (
				F658CD922162C253003C3E9D /* Library */,
				F64B1EEA2157EFA600CF9CDC /* main.cpp */,
				F64B1EEC2157EFA600CF9CDC /* Resources */,
				F64B1EE52157EFA600CF9CDC /* Supporting Files */,
				F69436FB2157F21900D9E5CD /* Game.cpp */,
				F69436FC2157F21900D9E5CD /* Game.hpp */,
				F69437032158D9F400D9E5CD /* Entity.cpp */,
				F69437042158D9F400D9E5CD /* Entity.hpp */,
				F69437072158EB0300D9E5CD /* Player.cpp */,
				F69437082158EB0300D9E5CD /* Player.hpp */,
				F694370A21592B8000D9E5CD /* Hole.cpp */,
				F694370B21592B8000D9E5CD /* Hole.hpp */,
			);
			path = "jumping-jack";
			sourceTree = "<group>";
		};
		F64B1EE52157EFA600CF9CDC /* Supporting Files */ = {
			isa = PBXGroup;
			children = (
				F64B1EE62157EFA600CF9CDC /* jumping-jack-Info.plist */,
			);
			name = "Supporting Files";
			sourceTree = "<group>";
		};
		F64B1EEC2157EFA600CF9CDC /* Resources */ = {
			isa = PBXGroup;
			children = (
				F69436FE215801F700D9E5CD /* data */,
			);
			name = Resources;
			sourceTree = "<group>";
		};
		F658CD922162C253003C3E9D /* Library */ = {
			isa = PBXGroup;
			children = (
				F69437062158DCB600D9E5CD /* Utility.hpp */,
				F69437002158D98900D9E5CD /* AnimatedSprite.cpp */,
				F69437012158D98900D9E5CD /* AnimatedSprite.hpp */,
				F64B1EE72157EFA600CF9CDC /* ResourcePath.mm */,
				F64B1EE92157EFA600CF9CDC /* ResourcePath.hpp */,
			);
			path = Library;
			sourceTree = "<group>";
		};
/* End PBXGroup section */

/* Begin PBXNativeTarget section */
		F64B1EE12157EFA600CF9CDC /* jumping-jack */ = {
			isa = PBXNativeTarget;
			buildConfigurationList = F64B1EF72157EFA600CF9CDC /* Build configuration list for PBXNativeTarget "jumping-jack" */;
			buildPhases = (
				F64B1EDD2157EFA600CF9CDC /* Sources */,
				F64B1EDE2157EFA600CF9CDC /* Frameworks */,
				F64B1EDF2157EFA600CF9CDC /* Resources */,
				F64B1EE02157EFA600CF9CDC /* ShellScript */,
			);
			buildRules = (
			);
			dependencies = (
			);
			name = "jumping-jack";
			productName = "jumping-jack";
			productReference = F64B1EE22157EFA600CF9CDC /* jumping-jack.app */;
			productType = "com.apple.product-type.application";
		};
/* End PBXNativeTarget section */

/* Begin PBXProject section */
		F64B1ED92157EFA600CF9CDC /* Project object */ = {
			isa = PBXProject;
			attributes = {
				LastUpgradeCheck = 1000;
				ORGANIZATIONNAME = "Tolga Ay";
				TargetAttributes = {
					F64B1EE12157EFA600CF9CDC = {
						CreatedOnToolsVersion = 9.4.1;
					};
				};
			};
			buildConfigurationList = F64B1EDC2157EFA600CF9CDC /* Build configuration list for PBXProject "jumping-jack" */;
			compatibilityVersion = "Xcode 9.3";
			developmentRegion = en;
			hasScannedForEncodings = 0;
			knownRegions = (
				en,
			);
			mainGroup = F64B1ED82157EFA600CF9CDC;
			productRefGroup = F64B1EE32157EFA600CF9CDC /* Products */;
			projectDirPath = "";
			projectRoot = "";
			targets = (
				F64B1EE12157EFA600CF9CDC /* jumping-jack */,
			);
		};
/* End PBXProject section */

/* Begin PBXResourcesBuildPhase section */
		F64B1EDF2157EFA600CF9CDC /* Resources */ = {
			isa = PBXResourcesBuildPhase;
			buildActionMask = 2147483647;
			files = (
				F69436FF215801F700D9E5CD /* data in Resources */,
			);
			runOnlyForDeploymentPostprocessing = 0;
		};
/* End PBXResourcesBuildPhase section */

/* Begin PBXShellScriptBuildPhase section */
		F64B1EE02157EFA600CF9CDC /* ShellScript */ = {
			isa = PBXShellScriptBuildPhase;
			buildActionMask = 2147483647;
			files = (
			);
			inputPaths = (
			);
			outputPaths = (
			);
			runOnlyForDeploymentPostprocessing = 0;
			shellPath = /bin/sh;
			shellScript = "# This shell script simply copies required SFML dylibs/frameworks into the application bundle frameworks folder.\n# If you're using static libraries (which is not recommended) you should remove this script from your project.\n\n# SETTINGS\nSFML_DEPENDENCIES_INSTALL_PREFIX=\"/Library/Frameworks\"\nCMAKE_INSTALL_FRAMEWORK_PREFIX=\"/Library/Frameworks\"\nCMAKE_INSTALL_LIB_PREFIX=\"/usr/local/lib\"\nFRAMEWORKS_FULL_PATH=\"$BUILT_PRODUCTS_DIR/$FRAMEWORKS_FOLDER_PATH/\"\n\n# Are we building a project that uses frameworks or dylibs?\ncase \"$SFML_BINARY_TYPE\" in\n    DYLIBS)\n        frameworks=\"false\"\n        ;;\n    *)\n        frameworks=\"true\"\n        ;;\nesac\n\n# Echoes to stderr\nerror () # $* message to display\n{\n    echo $* 1>&2\n    exit 2\n}\n\nassert () # $1 is a boolean, $2...N is an error message\n{\n    if [ $# -lt 2 ]\n    then\n        error \"Internal error in assert: not enough args\"\n    fi\n\n    if [ $1 -ne 0 ]\n    then\n        shift\n        error \"$*\"\n    fi\n}\n\nforce_remove () # $@ is some paths\n{\n    test $# -ge 1\n    assert $? \"force_remove() requires at least one parameter\"\n    rm -fr $@\n    assert $? \"couldn't remove $@\"\n}\n\ncopy () # $1 is a source, $2 is a destination\n{\n    test $# -eq 2\n    assert $? \"copy() requires two parameters\"\n    ditto \"$1\" \"$2\"\n    assert $? \"couldn't copy $1 to $2\"\n}\n\nrequire () # $1 is a SFML module like 'system' or 'audio'\n{\n    dest=\"$BUILT_PRODUCTS_DIR/$FRAMEWORKS_FOLDER_PATH/\"\n\n    if [ -z \"$1\" ]\n    then\n        error \"require() requires one parameter!\"\n    else\n        # clean potentially old stuff\n        force_remove \"$dest/libsfml-$1\"*\n        force_remove \"$dest/sfml-$1.framework\"\n\n        # copy SFML libraries\n        if [ \"$frameworks\" = \"true\" ]\n        then\n            source=\"$CMAKE_INSTALL_FRAMEWORK_PREFIX/sfml-$1.framework\"\n            target=\"sfml-$1.framework\"\n        elif [ \"$SFML_LINK_DYLIBS_SUFFIX\" = \"-d\" ]\n        then\n            source=\"$CMAKE_INSTALL_LIB_PREFIX/libsfml-$1-d.dylib\"\n            target=\"`readlink $source`\"\n        else\n            source=\"$CMAKE_INSTALL_LIB_PREFIX/libsfml-$1.dylib\"\n            target=\"`readlink $source`\"\n        fi\n\n        copy \"$source\" \"$dest/$target\"\n\n        # copy extra dependencies\n        if [ \"$1\" = \"audio\" ]\n        then\n            # copy \"FLAC\" \"ogg\" \"vorbis\" \"vorbisenc\" \"vorbisfile\" \"OpenAL\" frameworks too\n            for f in \"FLAC\" \"ogg\" \"vorbis\" \"vorbisenc\" \"vorbisfile\" \"OpenAL\"\n            do\n                copy \"$SFML_DEPENDENCIES_INSTALL_PREFIX/$f.framework\" \"$dest/$f.framework\"\n            done\n        elif [ \"$1\" = \"graphics\" ]\n        then\n            copy \"$SFML_DEPENDENCIES_INSTALL_PREFIX/freetype.framework\" \"$dest/freetype.framework\"\n        fi\n    fi\n}\n\nif [ -n \"$SFML_SYSTEM\" ]\nthen\n    require \"system\"\nfi\n\nif [ -n \"$SFML_AUDIO\" ]\nthen\n    require \"audio\"\nfi\n\nif [ -n \"$SFML_NETWORK\" ]\nthen\n    require \"network\"\nfi\n\nif [ -n \"$SFML_WINDOW\" ]\nthen\n    require \"window\"\nfi\n\nif [ -n \"$SFML_GRAPHICS\" ]\nthen\n    require \"graphics\"\nfi\n\n                ";
		};
/* End PBXShellScriptBuildPhase section */

/* Begin PBXSourcesBuildPhase section */
		F64B1EDD2157EFA600CF9CDC /* Sources */ = {
			isa = PBXSourcesBuildPhase;
			buildActionMask = 2147483647;
			files = (
				F69436FD2157F21900D9E5CD /* Game.cpp in Sources */,
				F69437022158D98900D9E5CD /* AnimatedSprite.cpp in Sources */,
				F69437092158EB0300D9E5CD /* Player.cpp in Sources */,
				F694370C21592B8000D9E5CD /* Hole.cpp in Sources */,
				F64B1EEB2157EFA600CF9CDC /* main.cpp in Sources */,
				F69437052158D9F400D9E5CD /* Entity.cpp in Sources */,
				F64B1EE82157EFA600CF9CDC /* ResourcePath.mm in Sources */,
			);
			runOnlyForDeploymentPostprocessing = 0;
		};
/* End PBXSourcesBuildPhase section */

/* Begin XCBuildConfiguration section */
		F64B1EF52157EFA600CF9CDC /* Debug */ = {
			isa = XCBuildConfiguration;
			buildSettings = {
				CLANG_CXX_LANGUAGE_STANDARD = "c++14";
				CLANG_CXX_LIBRARY = "libc++";
				CLANG_WARN_BLOCK_CAPTURE_AUTORELEASING = YES;
				CLANG_WARN_BOOL_CONVERSION = YES;
				CLANG_WARN_COMMA = YES;
				CLANG_WARN_CONSTANT_CONVERSION = YES;
				CLANG_WARN_DEPRECATED_OBJC_IMPLEMENTATIONS = YES;
				CLANG_WARN_EMPTY_BODY = YES;
				CLANG_WARN_ENUM_CONVERSION = YES;
				CLANG_WARN_INFINITE_RECURSION = YES;
				CLANG_WARN_INT_CONVERSION = YES;
				CLANG_WARN_NON_LITERAL_NULL_CONVERSION = YES;
				CLANG_WARN_OBJC_IMPLICIT_RETAIN_SELF = YES;
				CLANG_WARN_OBJC_LITERAL_CONVERSION = YES;
				CLANG_WARN_RANGE_LOOP_ANALYSIS = YES;
				CLANG_WARN_STRICT_PROTOTYPES = YES;
				CLANG_WARN_SUSPICIOUS_MOVE = YES;
				CLANG_WARN_UNREACHABLE_CODE = YES;
				CLANG_WARN__DUPLICATE_METHOD_MATCH = YES;
				ENABLE_STRICT_OBJC_MSGSEND = YES;
				ENABLE_TESTABILITY = YES;
				FRAMEWORK_SEARCH_PATHS = (
					/Library/Frameworks/,
					"$(inherited)",
				);
				GCC_NO_COMMON_BLOCKS = YES;
				GCC_VERSION = com.apple.compilers.llvm.clang.1_0;
				GCC_WARN_64_TO_32_BIT_CONVERSION = YES;
				GCC_WARN_ABOUT_RETURN_TYPE = YES;
				GCC_WARN_UNDECLARED_SELECTOR = YES;
				GCC_WARN_UNINITIALIZED_AUTOS = YES;
				GCC_WARN_UNUSED_FUNCTION = YES;
				GCC_WARN_UNUSED_VARIABLE = YES;
				HEADER_SEARCH_PATHS = (
					/usr/local/include/,
					"$(inherited)",
				);
				LIBRARY_SEARCH_PATHS = (
					/usr/local/lib/,
					"$(inherited)",
				);
				MACOSX_DEPLOYMENT_TARGET = 10.7;
				ONLY_ACTIVE_ARCH = YES;
				OTHER_LDFLAGS = (
					"$(inherited)",
					"$(SFML_SYSTEM)",
					"$(SFML_WINDOW)",
					"$(SFML_GRAPHICS)",
					"$(SFML_AUDIO)",
				);
				SFML_AUDIO = "$(SFML_LINK_PREFIX) sfml-audio$(SFML_LINK_SUFFIX)";
				SFML_BINARY_TYPE = FRAMEWORKS;
				SFML_GRAPHICS = "$(SFML_LINK_PREFIX) sfml-graphics$(SFML_LINK_SUFFIX)";
				SFML_LINK_DYLIBS_PREFIX = "-l";
				SFML_LINK_DYLIBS_SUFFIX = "";
				SFML_LINK_FRAMEWORKS_PREFIX = "-framework";
				SFML_LINK_FRAMEWORKS_SUFFIX = "";
				SFML_LINK_PREFIX = "$(SFML_LINK_$(SFML_BINARY_TYPE)_PREFIX)";
				SFML_LINK_SUFFIX = "$(SFML_LINK_$(SFML_BINARY_TYPE)_SUFFIX)";
				SFML_NETWORK = "";
				SFML_SYSTEM = "$(SFML_LINK_PREFIX) sfml-system$(SFML_LINK_SUFFIX)";
				SFML_WINDOW = "$(SFML_LINK_PREFIX) sfml-window$(SFML_LINK_SUFFIX)";
				SUPPORTED_PLATFORMS = macosx;
				USE_HEADERMAP = NO;
				WARNING_CFLAGS = (
					"-Wall",
					"-Wextra",
				);
			};
			name = Debug;
		};
		F64B1EF62157EFA600CF9CDC /* Release */ = {
			isa = XCBuildConfiguration;
			buildSettings = {
				CLANG_CXX_LANGUAGE_STANDARD = "c++14";
				CLANG_CXX_LIBRARY = "libc++";
				CLANG_WARN_BLOCK_CAPTURE_AUTORELEASING = YES;
				CLANG_WARN_BOOL_CONVERSION = YES;
				CLANG_WARN_COMMA = YES;
				CLANG_WARN_CONSTANT_CONVERSION = YES;
				CLANG_WARN_DEPRECATED_OBJC_IMPLEMENTATIONS = YES;
				CLANG_WARN_EMPTY_BODY = YES;
				CLANG_WARN_ENUM_CONVERSION = YES;
				CLANG_WARN_INFINITE_RECURSION = YES;
				CLANG_WARN_INT_CONVERSION = YES;
				CLANG_WARN_NON_LITERAL_NULL_CONVERSION = YES;
				CLANG_WARN_OBJC_IMPLICIT_RETAIN_SELF = YES;
				CLANG_WARN_OBJC_LITERAL_CONVERSION = YES;
				CLANG_WARN_RANGE_LOOP_ANALYSIS = YES;
				CLANG_WARN_STRICT_PROTOTYPES = YES;
				CLANG_WARN_SUSPICIOUS_MOVE = YES;
				CLANG_WARN_UNREACHABLE_CODE = YES;
				CLANG_WARN__DUPLICATE_METHOD_MATCH = YES;
				ENABLE_STRICT_OBJC_MSGSEND = YES;
				FRAMEWORK_SEARCH_PATHS = (
					/Library/Frameworks/,
					"$(inherited)",
				);
				GCC_NO_COMMON_BLOCKS = YES;
				GCC_VERSION = com.apple.compilers.llvm.clang.1_0;
				GCC_WARN_64_TO_32_BIT_CONVERSION = YES;
				GCC_WARN_ABOUT_RETURN_TYPE = YES;
				GCC_WARN_UNDECLARED_SELECTOR = YES;
				GCC_WARN_UNINITIALIZED_AUTOS = YES;
				GCC_WARN_UNUSED_FUNCTION = YES;
				GCC_WARN_UNUSED_VARIABLE = YES;
				HEADER_SEARCH_PATHS = (
					/usr/local/include/,
					"$(inherited)",
				);
				LIBRARY_SEARCH_PATHS = (
					/usr/local/lib/,
					"$(inherited)",
				);
				MACOSX_DEPLOYMENT_TARGET = 10.7;
				OTHER_LDFLAGS = (
					"$(inherited)",
					"$(SFML_SYSTEM)",
					"$(SFML_WINDOW)",
					"$(SFML_GRAPHICS)",
					"$(SFML_AUDIO)",
				);
				SFML_AUDIO = "$(SFML_LINK_PREFIX) sfml-audio$(SFML_LINK_SUFFIX)";
				SFML_BINARY_TYPE = FRAMEWORKS;
				SFML_GRAPHICS = "$(SFML_LINK_PREFIX) sfml-graphics$(SFML_LINK_SUFFIX)";
				SFML_LINK_DYLIBS_PREFIX = "-l";
				SFML_LINK_DYLIBS_SUFFIX = "";
				SFML_LINK_FRAMEWORKS_PREFIX = "-framework";
				SFML_LINK_FRAMEWORKS_SUFFIX = "";
				SFML_LINK_PREFIX = "$(SFML_LINK_$(SFML_BINARY_TYPE)_PREFIX)";
				SFML_LINK_SUFFIX = "$(SFML_LINK_$(SFML_BINARY_TYPE)_SUFFIX)";
				SFML_NETWORK = "";
				SFML_SYSTEM = "$(SFML_LINK_PREFIX) sfml-system$(SFML_LINK_SUFFIX)";
				SFML_WINDOW = "$(SFML_LINK_PREFIX) sfml-window$(SFML_LINK_SUFFIX)";
				SUPPORTED_PLATFORMS = macosx;
				USE_HEADERMAP = NO;
				WARNING_CFLAGS = (
					"-Wall",
					"-Wextra",
				);
			};
			name = Release;
		};
		F64B1EF82157EFA600CF9CDC /* Debug */ = {
			isa = XCBuildConfiguration;
			buildSettings = {
				CLANG_ENABLE_OBJC_WEAK = YES;
				CODE_SIGN_STYLE = Automatic;
				INFOPLIST_FILE = "jumping-jack/jumping-jack-Info.plist";
				LD_RUNPATH_SEARCH_PATHS = "@loader_path/../Frameworks";
				OTHER_LDFLAGS = (
					"$(inherited)",
					"$(SFML_SYSTEM)",
					"$(SFML_WINDOW)",
					"$(SFML_GRAPHICS)",
					"$(SFML_AUDIO)",
					"$(SFML_NETWORK)",
				);
				PRODUCT_BUNDLE_IDENTIFIER = "Tolga-Ay.${PRODUCT_NAME:rfc1034identifier}";
				PRODUCT_NAME = "$(TARGET_NAME)";
			};
			name = Debug;
		};
		F64B1EF92157EFA600CF9CDC /* Release */ = {
			isa = XCBuildConfiguration;
			buildSettings = {
				CLANG_ENABLE_OBJC_WEAK = YES;
				CODE_SIGN_STYLE = Automatic;
				INFOPLIST_FILE = "jumping-jack/jumping-jack-Info.plist";
				LD_RUNPATH_SEARCH_PATHS = "@loader_path/../Frameworks";
				OTHER_LDFLAGS = (
					"$(inherited)",
					"$(SFML_SYSTEM)",
					"$(SFML_WINDOW)",
					"$(SFML_GRAPHICS)",
					"$(SFML_AUDIO)",
					"$(SFML_NETWORK)",
				);
				PRODUCT_BUNDLE_IDENTIFIER = "Tolga-Ay.${PRODUCT_NAME:rfc1034identifier}";
				PRODUCT_NAME = "$(TARGET_NAME)";
			};
			name = Release;
		};
/* End XCBuildConfiguration section */

/* Begin XCConfigurationList section */
		F64B1EDC2157EFA600CF9CDC /* Build configuration list for PBXProject "jumping-jack" */ = {
			isa = XCConfigurationList;
			buildConfigurations = (
				F64B1EF52157EFA600CF9CDC /* Debug */,
				F64B1EF62157EFA600CF9CDC /* Release */,
			);
			defaultConfigurationIsVisible = 0;
			defaultConfigurationName = Release;
		};
		F64B1EF72157EFA600CF9CDC /* Build configuration list for PBXNativeTarget "jumping-jack" */ = {
			isa = XCConfigurationList;
			buildConfigurations = (
				F64B1EF82157EFA600CF9CDC /* Debug */,
				F64B1EF92157EFA600CF9CDC /* Release */,
			);
			defaultConfigurationIsVisible = 0;
			defaultConfigurationName = Release;
		};
/* End XCConfigurationList section */
	};
	rootObject = F64B1ED92157EFA600CF9CDC /* Project object */;
}
